// !$*UTF8*$!
{
	archiveVersion = 1;
	classes = {
	};
	objectVersion = 46;
	objects = {

/* Begin PBXBuildFile section */
		C9C643421C7416F000E04618 /* AppDelegate.swift in Sources */ = {isa = PBXBuildFile; fileRef = C9C643411C7416F000E04618 /* AppDelegate.swift */; };
		C9C643441C7416F000E04618 /* ViewController.swift in Sources */ = {isa = PBXBuildFile; fileRef = C9C643431C7416F000E04618 /* ViewController.swift */; };
		C9C643471C7416F000E04618 /* Main.storyboard in Resources */ = {isa = PBXBuildFile; fileRef = C9C643451C7416F000E04618 /* Main.storyboard */; };
		C9C643491C7416F000E04618 /* Assets.xcassets in Resources */ = {isa = PBXBuildFile; fileRef = C9C643481C7416F000E04618 /* Assets.xcassets */; };
		C9C6434C1C7416F000E04618 /* LaunchScreen.storyboard in Resources */ = {isa = PBXBuildFile; fileRef = C9C6434A1C7416F000E04618 /* LaunchScreen.storyboard */; };
		C9C6436C1C74262600E04618 /* rm_wubba.wav in Resources */ = {isa = PBXBuildFile; fileRef = C9C643651C74262600E04618 /* rm_wubba.wav */; };
		C9C6436D1C74262600E04618 /* rm_wrecked.wav in Resources */ = {isa = PBXBuildFile; fileRef = C9C643661C74262600E04618 /* rm_wrecked.wav */; };
		C9C6436E1C74262600E04618 /* rm_tinyrick.wav in Resources */ = {isa = PBXBuildFile; fileRef = C9C643671C74262600E04618 /* rm_tinyrick.wav */; };
		C9C6436F1C74262600E04618 /* rm_showme.wav in Resources */ = {isa = PBXBuildFile; fileRef = C9C643681C74262600E04618 /* rm_showme.wav */; };
		C9C643701C74262600E04618 /* rm_rubber.wav in Resources */ = {isa = PBXBuildFile; fileRef = C9C643691C74262600E04618 /* rm_rubber.wav */; };
		C9C643711C74262600E04618 /* rm_myman.wav in Resources */ = {isa = PBXBuildFile; fileRef = C9C6436A1C74262600E04618 /* rm_myman.wav */; };
		C9C643721C74262600E04618 /* rm_ilike.wav in Resources */ = {isa = PBXBuildFile; fileRef = C9C6436B1C74262600E04618 /* rm_ilike.wav */; };
/* End PBXBuildFile section */

/* Begin PBXFileReference section */
		C9C6433E1C7416F000E04618 /* ShakeForSounds.app */ = {isa = PBXFileReference; explicitFileType = wrapper.application; includeInIndex = 0; path = ShakeForSounds.app; sourceTree = BUILT_PRODUCTS_DIR; };
		C9C643411C7416F000E04618 /* AppDelegate.swift */ = {isa = PBXFileReference; lastKnownFileType = sourcecode.swift; path = AppDelegate.swift; sourceTree = "<group>"; };
		C9C643431C7416F000E04618 /* ViewController.swift */ = {isa = PBXFileReference; lastKnownFileType = sourcecode.swift; path = ViewController.swift; sourceTree = "<group>"; };
		C9C643461C7416F000E04618 /* Base */ = {isa = PBXFileReference; lastKnownFileType = file.storyboard; name = Base; path = Base.lproj/Main.storyboard; sourceTree = "<group>"; };
		C9C643481C7416F000E04618 /* Assets.xcassets */ = {isa = PBXFileReference; lastKnownFileType = folder.assetcatalog; path = Assets.xcassets; sourceTree = "<group>"; };
		C9C6434B1C7416F000E04618 /* Base */ = {isa = PBXFileReference; lastKnownFileType = file.storyboard; name = Base; path = Base.lproj/LaunchScreen.storyboard; sourceTree = "<group>"; };
		C9C6434D1C7416F000E04618 /* Info.plist */ = {isa = PBXFileReference; lastKnownFileType = text.plist.xml; path = Info.plist; sourceTree = "<group>"; };
		C9C643651C74262600E04618 /* rm_wubba.wav */ = {isa = PBXFileReference; lastKnownFileType = audio.wav; path = rm_wubba.wav; sourceTree = "<group>"; };
		C9C643661C74262600E04618 /* rm_wrecked.wav */ = {isa = PBXFileReference; lastKnownFileType = audio.wav; path = rm_wrecked.wav; sourceTree = "<group>"; };
		C9C643671C74262600E04618 /* rm_tinyrick.wav */ = {isa = PBXFileReference; lastKnownFileType = audio.wav; path = rm_tinyrick.wav; sourceTree = "<group>"; };
		C9C643681C74262600E04618 /* rm_showme.wav */ = {isa = PBXFileReference; lastKnownFileType = audio.wav; path = rm_showme.wav; sourceTree = "<group>"; };
		C9C643691C74262600E04618 /* rm_rubber.wav */ = {isa = PBXFileReference; lastKnownFileType = audio.wav; path = rm_rubber.wav; sourceTree = "<group>"; };
		C9C6436A1C74262600E04618 /* rm_myman.wav */ = {isa = PBXFileReference; lastKnownFileType = audio.wav; path = rm_myman.wav; sourceTree = "<group>"; };
		C9C6436B1C74262600E04618 /* rm_ilike.wav */ = {isa = PBXFileReference; lastKnownFileType = audio.wav; path = rm_ilike.wav; sourceTree = "<group>"; };
/* End PBXFileReference section */

/* Begin PBXFrameworksBuildPhase section */
		C9C6433B1C7416F000E04618 /* Frameworks */ = {
			isa = PBXFrameworksBuildPhase;
			buildActionMask = 2147483647;
			files = (
			);
			runOnlyForDeploymentPostprocessing = 0;
		};
/* End PBXFrameworksBuildPhase section */

/* Begin PBXGroup section */
		C9C643351C7416F000E04618 = {
			isa = PBXGroup;
			children = (
				C9C643401C7416F000E04618 /* ShakeForSounds */,
				C9C6433F1C7416F000E04618 /* Products */,
			);
			sourceTree = "<group>";
		};
		C9C6433F1C7416F000E04618 /* Products */ = {
			isa = PBXGroup;
			children = (
				C9C6433E1C7416F000E04618 /* ShakeForSounds.app */,
			);
			name = Products;
			sourceTree = "<group>";
		};
		C9C643401C7416F000E04618 /* ShakeForSounds */ = {
			isa = PBXGroup;
			children = (
				C9C643411C7416F000E04618 /* AppDelegate.swift */,
				C9C643431C7416F000E04618 /* ViewController.swift */,
				C9C643451C7416F000E04618 /* Main.storyboard */,
				C9C643481C7416F000E04618 /* Assets.xcassets */,
				C9C6434A1C7416F000E04618 /* LaunchScreen.storyboard */,
				C9C6434D1C7416F000E04618 /* Info.plist */,
				C9C643651C74262600E04618 /* rm_wubba.wav */,
				C9C643661C74262600E04618 /* rm_wrecked.wav */,
				C9C643671C74262600E04618 /* rm_tinyrick.wav */,
				C9C643681C74262600E04618 /* rm_showme.wav */,
				C9C643691C74262600E04618 /* rm_rubber.wav */,
				C9C6436A1C74262600E04618 /* rm_myman.wav */,
				C9C6436B1C74262600E04618 /* rm_ilike.wav */,
			);
			path = ShakeForSounds;
			sourceTree = "<group>";
		};
/* End PBXGroup section */

/* Begin PBXNativeTarget section */
		C9C6433D1C7416F000E04618 /* ShakeForSounds */ = {
			isa = PBXNativeTarget;
			buildConfigurationList = C9C643501C7416F000E04618 /* Build configuration list for PBXNativeTarget "ShakeForSounds" */;
			buildPhases = (
				C9C6433A1C7416F000E04618 /* Sources */,
				C9C6433B1C7416F000E04618 /* Frameworks */,
				C9C6433C1C7416F000E04618 /* Resources */,
			);
			buildRules = (
			);
			dependencies = (
			);
			name = ShakeForSounds;
			productName = ShakeForSounds;
			productReference = C9C6433E1C7416F000E04618 /* ShakeForSounds.app */;
			productType = "com.apple.product-type.application";
		};
/* End PBXNativeTarget section */

/* Begin PBXProject section */
		C9C643361C7416F000E04618 /* Project object */ = {
			isa = PBXProject;
			attributes = {
				LastSwiftUpdateCheck = 0720;
				LastUpgradeCheck = 0720;
				ORGANIZATIONNAME = Vento;
				TargetAttributes = {
					C9C6433D1C7416F000E04618 = {
						CreatedOnToolsVersion = 7.2.1;
					};
				};
			};
			buildConfigurationList = C9C643391C7416F000E04618 /* Build configuration list for PBXProject "ShakeForSounds" */;
			compatibilityVersion = "Xcode 3.2";
			developmentRegion = English;
			hasScannedForEncodings = 0;
			knownRegions = (
				en,
				Base,
			);
			mainGroup = C9C643351C7416F000E04618;
			productRefGroup = C9C6433F1C7416F000E04618 /* Products */;
			projectDirPath = "";
			projectRoot = "";
			targets = (
				C9C6433D1C7416F000E04618 /* ShakeForSounds */,
			);
		};
/* End PBXProject section */

/* Begin PBXResourcesBuildPhase section */
		C9C6433C1C7416F000E04618 /* Resources */ = {
			isa = PBXResourcesBuildPhase;
			buildActionMask = 2147483647;
			files = (
				C9C643721C74262600E04618 /* rm_ilike.wav in Resources */,
				C9C6434C1C7416F000E04618 /* LaunchScreen.storyboard in Resources */,
				C9C643701C74262600E04618 /* rm_rubber.wav in Resources */,
				C9C643491C7416F000E04618 /* Assets.xcassets in Resources */,
				C9C6436E1C74262600E04618 /* rm_tinyrick.wav in Resources */,
				C9C643471C7416F000E04618 /* Main.storyboard in Resources */,
				C9C643711C74262600E04618 /* rm_myman.wav in Resources */,
				C9C6436D1C74262600E04618 /* rm_wrecked.wav in Resources */,
				C9C6436C1C74262600E04618 /* rm_wubba.wav in Resources */,
				C9C6436F1C74262600E04618 /* rm_showme.wav in Resources */,
			);
			runOnlyForDeploymentPostprocessing = 0;
		};
/* End PBXResourcesBuildPhase section */

/* Begin PBXSourcesBuildPhase section */
		C9C6433A1C7416F000E04618 /* Sources */ = {
			isa = PBXSourcesBuildPhase;
			buildActionMask = 2147483647;
			files = (
				C9C643441C7416F000E04618 /* ViewController.swift in Sources */,
				C9C643421C7416F000E04618 /* AppDelegate.swift in Sources */,
			);
			runOnlyForDeploymentPostprocessing = 0;
		};
/* End PBXSourcesBuildPhase section */

/* Begin PBXVariantGroup section */
		C9C643451C7416F000E04618 /* Main.storyboard */ = {
			isa = PBXVariantGroup;
			children = (
				C9C643461C7416F000E04618 /* Base */,
			);
			name = Main.storyboard;
			sourceTree = "<group>";
		};
		C9C6434A1C7416F000E04618 /* LaunchScreen.storyboard */ = {
			isa = PBXVariantGroup;
			children = (
				C9C6434B1C7416F000E04618 /* Base */,
			);
			name = LaunchScreen.storyboard;
			sourceTree = "<group>";
		};
/* End PBXVariantGroup section */

/* Begin XCBuildConfiguration section */
		C9C6434E1C7416F000E04618 /* Debug */ = {
			isa = XCBuildConfiguration;
			buildSettings = {
				ALWAYS_SEARCH_USER_PATHS = NO;
				CLANG_CXX_LANGUAGE_STANDARD = "gnu++0x";
				CLANG_CXX_LIBRARY = "libc++";
				CLANG_ENABLE_MODULES = YES;
				CLANG_ENABLE_OBJC_ARC = YES;
				CLANG_WARN_BOOL_CONVERSION = YES;
				CLANG_WARN_CONSTANT_CONVERSION = YES;
				CLANG_WARN_DIRECT_OBJC_ISA_USAGE = YES_ERROR;
				CLANG_WARN_EMPTY_BODY = YES;
				CLANG_WARN_ENUM_CONVERSION = YES;
				CLANG_WARN_INT_CONVERSION = YES;
				CLANG_WARN_OBJC_ROOT_CLASS = YES_ERROR;
				CLANG_WARN_UNREACHABLE_CODE = YES;
				CLANG_WARN__DUPLICATE_METHOD_MATCH = YES;
				"CODE_SIGN_IDENTITY[sdk=iphoneos*]" = "iPhone Developer";
				COPY_PHASE_STRIP = NO;
				DEBUG_INFORMATION_FORMAT = dwarf;
				ENABLE_STRICT_OBJC_MSGSEND = YES;
				ENABLE_TESTABILITY = YES;
				GCC_C_LANGUAGE_STANDARD = gnu99;
				GCC_DYNAMIC_NO_PIC = NO;
				GCC_NO_COMMON_BLOCKS = YES;
				GCC_OPTIMIZATION_LEVEL = 0;
				GCC_PREPROCESSOR_DEFINITIONS = (
					"DEBUG=1",
					"$(inherited)",
				);
				GCC_WARN_64_TO_32_BIT_CONVERSION = YES;
				GCC_WARN_ABOUT_RETURN_TYPE = YES_ERROR;
				GCC_WARN_UNDECLARED_SELECTOR = YES;
				GCC_WARN_UNINITIALIZED_AUTOS = YES_AGGRESSIVE;
				GCC_WARN_UNUSED_FUNCTION = YES;
				GCC_WARN_UNUSED_VARIABLE = YES;
				IPHONEOS_DEPLOYMENT_TARGET = 9.2;
				MTL_ENABLE_DEBUG_INFO = YES;
				ONLY_ACTIVE_ARCH = YES;
				SDKROOT = iphoneos;
				SWIFT_OPTIMIZATION_LEVEL = "-Onone";
			};
			name = Debug;
		};
		C9C6434F1C7416F000E04618 /* Release */ = {
			isa = XCBuildConfiguration;
			buildSettings = {
				ALWAYS_SEARCH_USER_PATHS = NO;
				CLANG_CXX_LANGUAGE_STANDARD = "gnu++0x";
				CLANG_CXX_LIBRARY = "libc++";
				CLANG_ENABLE_MODULES = YES;
				CLANG_ENABLE_OBJC_ARC = YES;
				CLANG_WARN_BOOL_CONVERSION = YES;
				CLANG_WARN_CONSTANT_CONVERSION = YES;
				CLANG_WARN_DIRECT_OBJC_ISA_USAGE = YES_ERROR;
				CLANG_WARN_EMPTY_BODY = YES;
				CLANG_WARN_ENUM_CONVERSION = YES;
				CLANG_WARN_INT_CONVERSION = YES;
				CLANG_WARN_OBJC_ROOT_CLASS = YES_ERROR;
				CLANG_WARN_UNREACHABLE_CODE = YES;
				CLANG_WARN__DUPLICATE_METHOD_MATCH = YES;
				"CODE_SIGN_IDENTITY[sdk=iphoneos*]" = "iPhone Developer";
				COPY_PHASE_STRIP = NO;
				DEBUG_INFORMATION_FORMAT = "dwarf-with-dsym";
				ENABLE_NS_ASSERTIONS = NO;
				ENABLE_STRICT_OBJC_MSGSEND = YES;
				GCC_C_LANGUAGE_STANDARD = gnu99;
				GCC_NO_COMMON_BLOCKS = YES;
				GCC_WARN_64_TO_32_BIT_CONVERSION = YES;
				GCC_WARN_ABOUT_RETURN_TYPE = YES_ERROR;
				GCC_WARN_UNDECLARED_SELECTOR = YES;
				GCC_WARN_UNINITIALIZED_AUTOS = YES_AGGRESSIVE;
				GCC_WARN_UNUSED_FUNCTION = YES;
				GCC_WARN_UNUSED_VARIABLE = YES;
				IPHONEOS_DEPLOYMENT_TARGET = 9.2;
				MTL_ENABLE_DEBUG_INFO = NO;
				SDKROOT = iphoneos;
				VALIDATE_PRODUCT = YES;
			};
			name = Release;
		};
		C9C643511C7416F000E04618 /* Debug */ = {
			isa = XCBuildConfiguration;
			buildSettings = {
				ASSETCATALOG_COMPILER_APPICON_NAME = AppIcon;
				INFOPLIST_FILE = ShakeForSounds/Info.plist;
				LD_RUNPATH_SEARCH_PATHS = "$(inherited) @executable_path/Frameworks";
				PRODUCT_BUNDLE_IDENTIFIER = self.edu.dustin.ShakeForSounds;
				PRODUCT_NAME = "$(TARGET_NAME)";
			};
			name = Debug;
		};
		C9C643521C7416F000E04618 /* Release */ = {
			isa = XCBuildConfiguration;
			buildSettings = {
				ASSETCATALOG_COMPILER_APPICON_NAME = AppIcon;
				INFOPLIST_FILE = ShakeForSounds/Info.plist;
				LD_RUNPATH_SEARCH_PATHS = "$(inherited) @executable_path/Frameworks";
				PRODUCT_BUNDLE_IDENTIFIER = self.edu.dustin.ShakeForSounds;
				PRODUCT_NAME = "$(TARGET_NAME)";
			};
			name = Release;
		};
/* End XCBuildConfiguration section */

/* Begin XCConfigurationList section */
		C9C643391C7416F000E04618 /* Build configuration list for PBXProject "ShakeForSounds" */ = {
			isa = XCConfigurationList;
			buildConfigurations = (
				C9C6434E1C7416F000E04618 /* Debug */,
				C9C6434F1C7416F000E04618 /* Release */,
			);
			defaultConfigurationIsVisible = 0;
			defaultConfigurationName = Release;
		};
		C9C643501C7416F000E04618 /* Build configuration list for PBXNativeTarget "ShakeForSounds" */ = {
			isa = XCConfigurationList;
			buildConfigurations = (
				C9C643511C7416F000E04618 /* Debug */,
				C9C643521C7416F000E04618 /* Release */,
			);
			defaultConfigurationIsVisible = 0;
		};
/* End XCConfigurationList section */
	};
	rootObject = C9C643361C7416F000E04618 /* Project object */;
}
